// !$*UTF8*$!
{
	archiveVersion = 1;
	classes = {
	};
	objectVersion = 48;
	objects = {

/* Begin PBXBuildFile section */
		5551524020724540002708F3 /* CalculatorViewController.swift in Sources */ = {isa = PBXBuildFile; fileRef = 5551523F20724540002708F3 /* CalculatorViewController.swift */; };
		555152422072455C002708F3 /* SettingViewController.swift in Sources */ = {isa = PBXBuildFile; fileRef = 555152412072455C002708F3 /* SettingViewController.swift */; };
		5551524420724578002708F3 /* SchedulerViewController.swift in Sources */ = {isa = PBXBuildFile; fileRef = 5551524320724578002708F3 /* SchedulerViewController.swift */; };
		55A145D5206CC59900B141E4 /* AppDelegate.swift in Sources */ = {isa = PBXBuildFile; fileRef = 55A145D4206CC59900B141E4 /* AppDelegate.swift */; };
		55A145D7206CC59900B141E4 /* ViewController.swift in Sources */ = {isa = PBXBuildFile; fileRef = 55A145D6206CC59900B141E4 /* ViewController.swift */; };
		55A145DA206CC59900B141E4 /* Main.storyboard in Resources */ = {isa = PBXBuildFile; fileRef = 55A145D8206CC59900B141E4 /* Main.storyboard */; };
		55A145DC206CC59900B141E4 /* Assets.xcassets in Resources */ = {isa = PBXBuildFile; fileRef = 55A145DB206CC59900B141E4 /* Assets.xcassets */; };
		55A145DF206CC59900B141E4 /* LaunchScreen.storyboard in Resources */ = {isa = PBXBuildFile; fileRef = 55A145DD206CC59900B141E4 /* LaunchScreen.storyboard */; };
		55A145EA206CC59900B141E4 /* AKSchedulerTests.swift in Sources */ = {isa = PBXBuildFile; fileRef = 55A145E9206CC59900B141E4 /* AKSchedulerTests.swift */; };
		55A145F5206CC59A00B141E4 /* AKSchedulerUITests.swift in Sources */ = {isa = PBXBuildFile; fileRef = 55A145F4206CC59A00B141E4 /* AKSchedulerUITests.swift */; };
		55A14603206CC94B00B141E4 /* Calculator.storyboard in Resources */ = {isa = PBXBuildFile; fileRef = 55A14602206CC94B00B141E4 /* Calculator.storyboard */; };
		55A14605206CC99800B141E4 /* Scheduler.storyboard in Resources */ = {isa = PBXBuildFile; fileRef = 55A14604206CC99800B141E4 /* Scheduler.storyboard */; };
		55A14607206CCAC400B141E4 /* Setting.storyboard in Resources */ = {isa = PBXBuildFile; fileRef = 55A14606206CCAC400B141E4 /* Setting.storyboard */; };
/* End PBXBuildFile section */

/* Begin PBXContainerItemProxy section */
		55A145E6206CC59900B141E4 /* PBXContainerItemProxy */ = {
			isa = PBXContainerItemProxy;
			containerPortal = 55A145C9206CC59900B141E4 /* Project object */;
			proxyType = 1;
			remoteGlobalIDString = 55A145D0206CC59900B141E4;
			remoteInfo = AKScheduler;
		};
		55A145F1206CC59A00B141E4 /* PBXContainerItemProxy */ = {
			isa = PBXContainerItemProxy;
			containerPortal = 55A145C9206CC59900B141E4 /* Project object */;
			proxyType = 1;
			remoteGlobalIDString = 55A145D0206CC59900B141E4;
			remoteInfo = AKScheduler;
		};
/* End PBXContainerItemProxy section */

/* Begin PBXFileReference section */
		5551523F20724540002708F3 /* CalculatorViewController.swift */ = {isa = PBXFileReference; lastKnownFileType = sourcecode.swift; path = CalculatorViewController.swift; sourceTree = "<group>"; };
		555152412072455C002708F3 /* SettingViewController.swift */ = {isa = PBXFileReference; lastKnownFileType = sourcecode.swift; path = SettingViewController.swift; sourceTree = "<group>"; };
		5551524320724578002708F3 /* SchedulerViewController.swift */ = {isa = PBXFileReference; lastKnownFileType = sourcecode.swift; path = SchedulerViewController.swift; sourceTree = "<group>"; };
		55A145D1206CC59900B141E4 /* AKScheduler.app */ = {isa = PBXFileReference; explicitFileType = wrapper.application; includeInIndex = 0; path = AKScheduler.app; sourceTree = BUILT_PRODUCTS_DIR; };
		55A145D4206CC59900B141E4 /* AppDelegate.swift */ = {isa = PBXFileReference; lastKnownFileType = sourcecode.swift; path = AppDelegate.swift; sourceTree = "<group>"; };
		55A145D6206CC59900B141E4 /* ViewController.swift */ = {isa = PBXFileReference; lastKnownFileType = sourcecode.swift; path = ViewController.swift; sourceTree = "<group>"; };
		55A145D9206CC59900B141E4 /* Base */ = {isa = PBXFileReference; lastKnownFileType = file.storyboard; name = Base; path = Base.lproj/Main.storyboard; sourceTree = "<group>"; };
		55A145DB206CC59900B141E4 /* Assets.xcassets */ = {isa = PBXFileReference; lastKnownFileType = folder.assetcatalog; path = Assets.xcassets; sourceTree = "<group>"; };
		55A145DE206CC59900B141E4 /* Base */ = {isa = PBXFileReference; lastKnownFileType = file.storyboard; name = Base; path = Base.lproj/LaunchScreen.storyboard; sourceTree = "<group>"; };
		55A145E0206CC59900B141E4 /* Info.plist */ = {isa = PBXFileReference; lastKnownFileType = text.plist.xml; path = Info.plist; sourceTree = "<group>"; };
		55A145E5206CC59900B141E4 /* AKSchedulerTests.xctest */ = {isa = PBXFileReference; explicitFileType = wrapper.cfbundle; includeInIndex = 0; path = AKSchedulerTests.xctest; sourceTree = BUILT_PRODUCTS_DIR; };
		55A145E9206CC59900B141E4 /* AKSchedulerTests.swift */ = {isa = PBXFileReference; lastKnownFileType = sourcecode.swift; path = AKSchedulerTests.swift; sourceTree = "<group>"; };
		55A145EB206CC59900B141E4 /* Info.plist */ = {isa = PBXFileReference; lastKnownFileType = text.plist.xml; path = Info.plist; sourceTree = "<group>"; };
		55A145F0206CC59A00B141E4 /* AKSchedulerUITests.xctest */ = {isa = PBXFileReference; explicitFileType = wrapper.cfbundle; includeInIndex = 0; path = AKSchedulerUITests.xctest; sourceTree = BUILT_PRODUCTS_DIR; };
		55A145F4206CC59A00B141E4 /* AKSchedulerUITests.swift */ = {isa = PBXFileReference; lastKnownFileType = sourcecode.swift; path = AKSchedulerUITests.swift; sourceTree = "<group>"; };
		55A145F6206CC59A00B141E4 /* Info.plist */ = {isa = PBXFileReference; lastKnownFileType = text.plist.xml; path = Info.plist; sourceTree = "<group>"; };
		55A14602206CC94B00B141E4 /* Calculator.storyboard */ = {isa = PBXFileReference; lastKnownFileType = file.storyboard; path = Calculator.storyboard; sourceTree = "<group>"; };
		55A14604206CC99800B141E4 /* Scheduler.storyboard */ = {isa = PBXFileReference; lastKnownFileType = file.storyboard; path = Scheduler.storyboard; sourceTree = "<group>"; };
		55A14606206CCAC400B141E4 /* Setting.storyboard */ = {isa = PBXFileReference; lastKnownFileType = file.storyboard; path = Setting.storyboard; sourceTree = "<group>"; };
/* End PBXFileReference section */

/* Begin PBXFrameworksBuildPhase section */
		55A145CE206CC59900B141E4 /* Frameworks */ = {
			isa = PBXFrameworksBuildPhase;
			buildActionMask = 2147483647;
			files = (
			);
			runOnlyForDeploymentPostprocessing = 0;
		};
		55A145E2206CC59900B141E4 /* Frameworks */ = {
			isa = PBXFrameworksBuildPhase;
			buildActionMask = 2147483647;
			files = (
			);
			runOnlyForDeploymentPostprocessing = 0;
		};
		55A145ED206CC59A00B141E4 /* Frameworks */ = {
			isa = PBXFrameworksBuildPhase;
			buildActionMask = 2147483647;
			files = (
			);
			runOnlyForDeploymentPostprocessing = 0;
		};
/* End PBXFrameworksBuildPhase section */

/* Begin PBXGroup section */
		55A145C8206CC59900B141E4 = {
			isa = PBXGroup;
			children = (
				55A145D3206CC59900B141E4 /* AKScheduler */,
				55A145E8206CC59900B141E4 /* AKSchedulerTests */,
				55A145F3206CC59A00B141E4 /* AKSchedulerUITests */,
				55A145D2206CC59900B141E4 /* Products */,
			);
			sourceTree = "<group>";
		};
		55A145D2206CC59900B141E4 /* Products */ = {
			isa = PBXGroup;
			children = (
				55A145D1206CC59900B141E4 /* AKScheduler.app */,
				55A145E5206CC59900B141E4 /* AKSchedulerTests.xctest */,
				55A145F0206CC59A00B141E4 /* AKSchedulerUITests.xctest */,
			);
			name = Products;
			sourceTree = "<group>";
		};
		55A145D3206CC59900B141E4 /* AKScheduler */ = {
			isa = PBXGroup;
			children = (
				55A1460A206CCDD300B141E4 /* Calculator */,
				55A14609206CCDCD00B141E4 /* Setting */,
				55A14608206CCD9C00B141E4 /* Scheduler */,
				55A145D4206CC59900B141E4 /* AppDelegate.swift */,
				55A145D6206CC59900B141E4 /* ViewController.swift */,
				55A145D8206CC59900B141E4 /* Main.storyboard */,
				55A145DB206CC59900B141E4 /* Assets.xcassets */,
				55A145DD206CC59900B141E4 /* LaunchScreen.storyboard */,
				55A145E0206CC59900B141E4 /* Info.plist */,
			);
			path = AKScheduler;
			sourceTree = "<group>";
		};
		55A145E8206CC59900B141E4 /* AKSchedulerTests */ = {
			isa = PBXGroup;
			children = (
				55A145E9206CC59900B141E4 /* AKSchedulerTests.swift */,
				55A145EB206CC59900B141E4 /* Info.plist */,
			);
			path = AKSchedulerTests;
			sourceTree = "<group>";
		};
		55A145F3206CC59A00B141E4 /* AKSchedulerUITests */ = {
			isa = PBXGroup;
			children = (
				55A145F4206CC59A00B141E4 /* AKSchedulerUITests.swift */,
				55A145F6206CC59A00B141E4 /* Info.plist */,
			);
			path = AKSchedulerUITests;
			sourceTree = "<group>";
		};
		55A14608206CCD9C00B141E4 /* Scheduler */ = {
			isa = PBXGroup;
			children = (
				55A14604206CC99800B141E4 /* Scheduler.storyboard */,
				5551524320724578002708F3 /* SchedulerViewController.swift */,
			);
			name = Scheduler;
			sourceTree = "<group>";
		};
		55A14609206CCDCD00B141E4 /* Setting */ = {
			isa = PBXGroup;
			children = (
				55A14606206CCAC400B141E4 /* Setting.storyboard */,
				555152412072455C002708F3 /* SettingViewController.swift */,
			);
			path = Setting;
			sourceTree = "<group>";
		};
		55A1460A206CCDD300B141E4 /* Calculator */ = {
			isa = PBXGroup;
			children = (
				55A14602206CC94B00B141E4 /* Calculator.storyboard */,
				5551523F20724540002708F3 /* CalculatorViewController.swift */,
			);
			name = Calculator;
			sourceTree = "<group>";
		};
/* End PBXGroup section */

/* Begin PBXNativeTarget section */
		55A145D0206CC59900B141E4 /* AKScheduler */ = {
			isa = PBXNativeTarget;
			buildConfigurationList = 55A145F9206CC59A00B141E4 /* Build configuration list for PBXNativeTarget "AKScheduler" */;
			buildPhases = (
				55A145CD206CC59900B141E4 /* Sources */,
				55A145CE206CC59900B141E4 /* Frameworks */,
				55A145CF206CC59900B141E4 /* Resources */,
			);
			buildRules = (
			);
			dependencies = (
			);
			name = AKScheduler;
			productName = AKScheduler;
			productReference = 55A145D1206CC59900B141E4 /* AKScheduler.app */;
			productType = "com.apple.product-type.application";
		};
		55A145E4206CC59900B141E4 /* AKSchedulerTests */ = {
			isa = PBXNativeTarget;
			buildConfigurationList = 55A145FC206CC59A00B141E4 /* Build configuration list for PBXNativeTarget "AKSchedulerTests" */;
			buildPhases = (
				55A145E1206CC59900B141E4 /* Sources */,
				55A145E2206CC59900B141E4 /* Frameworks */,
				55A145E3206CC59900B141E4 /* Resources */,
			);
			buildRules = (
			);
			dependencies = (
				55A145E7206CC59900B141E4 /* PBXTargetDependency */,
			);
			name = AKSchedulerTests;
			productName = AKSchedulerTests;
			productReference = 55A145E5206CC59900B141E4 /* AKSchedulerTests.xctest */;
			productType = "com.apple.product-type.bundle.unit-test";
		};
		55A145EF206CC59A00B141E4 /* AKSchedulerUITests */ = {
			isa = PBXNativeTarget;
			buildConfigurationList = 55A145FF206CC59A00B141E4 /* Build configuration list for PBXNativeTarget "AKSchedulerUITests" */;
			buildPhases = (
				55A145EC206CC59A00B141E4 /* Sources */,
				55A145ED206CC59A00B141E4 /* Frameworks */,
				55A145EE206CC59A00B141E4 /* Resources */,
			);
			buildRules = (
			);
			dependencies = (
				55A145F2206CC59A00B141E4 /* PBXTargetDependency */,
			);
			name = AKSchedulerUITests;
			productName = AKSchedulerUITests;
			productReference = 55A145F0206CC59A00B141E4 /* AKSchedulerUITests.xctest */;
			productType = "com.apple.product-type.bundle.ui-testing";
		};
/* End PBXNativeTarget section */

/* Begin PBXProject section */
		55A145C9206CC59900B141E4 /* Project object */ = {
			isa = PBXProject;
			attributes = {
				LastSwiftUpdateCheck = 0920;
				LastUpgradeCheck = 0920;
				ORGANIZATIONNAME = KagatukiMizuha;
				TargetAttributes = {
					55A145D0206CC59900B141E4 = {
						CreatedOnToolsVersion = 9.2;
						ProvisioningStyle = Automatic;
					};
					55A145E4206CC59900B141E4 = {
						CreatedOnToolsVersion = 9.2;
						ProvisioningStyle = Automatic;
						TestTargetID = 55A145D0206CC59900B141E4;
					};
					55A145EF206CC59A00B141E4 = {
						CreatedOnToolsVersion = 9.2;
						ProvisioningStyle = Automatic;
						TestTargetID = 55A145D0206CC59900B141E4;
					};
				};
			};
			buildConfigurationList = 55A145CC206CC59900B141E4 /* Build configuration list for PBXProject "AKScheduler" */;
			compatibilityVersion = "Xcode 8.0";
			developmentRegion = en;
			hasScannedForEncodings = 0;
			knownRegions = (
				en,
				Base,
			);
			mainGroup = 55A145C8206CC59900B141E4;
			productRefGroup = 55A145D2206CC59900B141E4 /* Products */;
			projectDirPath = "";
			projectRoot = "";
			targets = (
				55A145D0206CC59900B141E4 /* AKScheduler */,
				55A145E4206CC59900B141E4 /* AKSchedulerTests */,
				55A145EF206CC59A00B141E4 /* AKSchedulerUITests */,
			);
		};
/* End PBXProject section */

/* Begin PBXResourcesBuildPhase section */
		55A145CF206CC59900B141E4 /* Resources */ = {
			isa = PBXResourcesBuildPhase;
			buildActionMask = 2147483647;
			files = (
				55A14605206CC99800B141E4 /* Scheduler.storyboard in Resources */,
				55A145DF206CC59900B141E4 /* LaunchScreen.storyboard in Resources */,
				55A145DC206CC59900B141E4 /* Assets.xcassets in Resources */,
				55A14603206CC94B00B141E4 /* Calculator.storyboard in Resources */,
				55A145DA206CC59900B141E4 /* Main.storyboard in Resources */,
				55A14607206CCAC400B141E4 /* Setting.storyboard in Resources */,
			);
			runOnlyForDeploymentPostprocessing = 0;
		};
		55A145E3206CC59900B141E4 /* Resources */ = {
			isa = PBXResourcesBuildPhase;
			buildActionMask = 2147483647;
			files = (
			);
			runOnlyForDeploymentPostprocessing = 0;
		};
		55A145EE206CC59A00B141E4 /* Resources */ = {
			isa = PBXResourcesBuildPhase;
			buildActionMask = 2147483647;
			files = (
			);
			runOnlyForDeploymentPostprocessing = 0;
		};
/* End PBXResourcesBuildPhase section */

/* Begin PBXSourcesBuildPhase section */
		55A145CD206CC59900B141E4 /* Sources */ = {
			isa = PBXSourcesBuildPhase;
			buildActionMask = 2147483647;
			files = (
				55A145D7206CC59900B141E4 /* ViewController.swift in Sources */,
				5551524020724540002708F3 /* CalculatorViewController.swift in Sources */,
				55A145D5206CC59900B141E4 /* AppDelegate.swift in Sources */,
				5551524420724578002708F3 /* SchedulerViewController.swift in Sources */,
				555152422072455C002708F3 /* SettingViewController.swift in Sources */,
			);
			runOnlyForDeploymentPostprocessing = 0;
		};
		55A145E1206CC59900B141E4 /* Sources */ = {
			isa = PBXSourcesBuildPhase;
			buildActionMask = 2147483647;
			files = (
				55A145EA206CC59900B141E4 /* AKSchedulerTests.swift in Sources */,
			);
			runOnlyForDeploymentPostprocessing = 0;
		};
		55A145EC206CC59A00B141E4 /* Sources */ = {
			isa = PBXSourcesBuildPhase;
			buildActionMask = 2147483647;
			files = (
				55A145F5206CC59A00B141E4 /* AKSchedulerUITests.swift in Sources */,
			);
			runOnlyForDeploymentPostprocessing = 0;
		};
/* End PBXSourcesBuildPhase section */

/* Begin PBXTargetDependency section */
		55A145E7206CC59900B141E4 /* PBXTargetDependency */ = {
			isa = PBXTargetDependency;
			target = 55A145D0206CC59900B141E4 /* AKScheduler */;
			targetProxy = 55A145E6206CC59900B141E4 /* PBXContainerItemProxy */;
		};
		55A145F2206CC59A00B141E4 /* PBXTargetDependency */ = {
			isa = PBXTargetDependency;
			target = 55A145D0206CC59900B141E4 /* AKScheduler */;
			targetProxy = 55A145F1206CC59A00B141E4 /* PBXContainerItemProxy */;
		};
/* End PBXTargetDependency section */

/* Begin PBXVariantGroup section */
		55A145D8206CC59900B141E4 /* Main.storyboard */ = {
			isa = PBXVariantGroup;
			children = (
				55A145D9206CC59900B141E4 /* Base */,
			);
			name = Main.storyboard;
			sourceTree = "<group>";
		};
		55A145DD206CC59900B141E4 /* LaunchScreen.storyboard */ = {
			isa = PBXVariantGroup;
			children = (
				55A145DE206CC59900B141E4 /* Base */,
			);
			name = LaunchScreen.storyboard;
			sourceTree = "<group>";
		};
/* End PBXVariantGroup section */

/* Begin XCBuildConfiguration section */
		55A145F7206CC59A00B141E4 /* Debug */ = {
			isa = XCBuildConfiguration;
			buildSettings = {
				ALWAYS_SEARCH_USER_PATHS = NO;
				CLANG_ANALYZER_NONNULL = YES;
				CLANG_ANALYZER_NUMBER_OBJECT_CONVERSION = YES_AGGRESSIVE;
				CLANG_CXX_LANGUAGE_STANDARD = "gnu++14";
				CLANG_CXX_LIBRARY = "libc++";
				CLANG_ENABLE_MODULES = YES;
				CLANG_ENABLE_OBJC_ARC = YES;
				CLANG_WARN_BLOCK_CAPTURE_AUTORELEASING = YES;
				CLANG_WARN_BOOL_CONVERSION = YES;
				CLANG_WARN_COMMA = YES;
				CLANG_WARN_CONSTANT_CONVERSION = YES;
				CLANG_WARN_DIRECT_OBJC_ISA_USAGE = YES_ERROR;
				CLANG_WARN_DOCUMENTATION_COMMENTS = YES;
				CLANG_WARN_EMPTY_BODY = YES;
				CLANG_WARN_ENUM_CONVERSION = YES;
				CLANG_WARN_INFINITE_RECURSION = YES;
				CLANG_WARN_INT_CONVERSION = YES;
				CLANG_WARN_NON_LITERAL_NULL_CONVERSION = YES;
				CLANG_WARN_OBJC_LITERAL_CONVERSION = YES;
				CLANG_WARN_OBJC_ROOT_CLASS = YES_ERROR;
				CLANG_WARN_RANGE_LOOP_ANALYSIS = YES;
				CLANG_WARN_STRICT_PROTOTYPES = YES;
				CLANG_WARN_SUSPICIOUS_MOVE = YES;
				CLANG_WARN_UNGUARDED_AVAILABILITY = YES_AGGRESSIVE;
				CLANG_WARN_UNREACHABLE_CODE = YES;
				CLANG_WARN__DUPLICATE_METHOD_MATCH = YES;
				CODE_SIGN_IDENTITY = "iPhone Developer";
				COPY_PHASE_STRIP = NO;
				DEBUG_INFORMATION_FORMAT = dwarf;
				ENABLE_STRICT_OBJC_MSGSEND = YES;
				ENABLE_TESTABILITY = YES;
				GCC_C_LANGUAGE_STANDARD = gnu11;
				GCC_DYNAMIC_NO_PIC = NO;
				GCC_NO_COMMON_BLOCKS = YES;
				GCC_OPTIMIZATION_LEVEL = 0;
				GCC_PREPROCESSOR_DEFINITIONS = (
					"DEBUG=1",
					"$(inherited)",
				);
				GCC_WARN_64_TO_32_BIT_CONVERSION = YES;
				GCC_WARN_ABOUT_RETURN_TYPE = YES_ERROR;
				GCC_WARN_UNDECLARED_SELECTOR = YES;
				GCC_WARN_UNINITIALIZED_AUTOS = YES_AGGRESSIVE;
				GCC_WARN_UNUSED_FUNCTION = YES;
				GCC_WARN_UNUSED_VARIABLE = YES;
				IPHONEOS_DEPLOYMENT_TARGET = 11.2;
				MTL_ENABLE_DEBUG_INFO = YES;
				ONLY_ACTIVE_ARCH = YES;
				SDKROOT = iphoneos;
				SWIFT_ACTIVE_COMPILATION_CONDITIONS = DEBUG;
				SWIFT_OPTIMIZATION_LEVEL = "-Onone";
			};
			name = Debug;
		};
		55A145F8206CC59A00B141E4 /* Release */ = {
			isa = XCBuildConfiguration;
			buildSettings = {
				ALWAYS_SEARCH_USER_PATHS = NO;
				CLANG_ANALYZER_NONNULL = YES;
				CLANG_ANALYZER_NUMBER_OBJECT_CONVERSION = YES_AGGRESSIVE;
				CLANG_CXX_LANGUAGE_STANDARD = "gnu++14";
				CLANG_CXX_LIBRARY = "libc++";
				CLANG_ENABLE_MODULES = YES;
				CLANG_ENABLE_OBJC_ARC = YES;
				CLANG_WARN_BLOCK_CAPTURE_AUTORELEASING = YES;
				CLANG_WARN_BOOL_CONVERSION = YES;
				CLANG_WARN_COMMA = YES;
				CLANG_WARN_CONSTANT_CONVERSION = YES;
				CLANG_WARN_DIRECT_OBJC_ISA_USAGE = YES_ERROR;
				CLANG_WARN_DOCUMENTATION_COMMENTS = YES;
				CLANG_WARN_EMPTY_BODY = YES;
				CLANG_WARN_ENUM_CONVERSION = YES;
				CLANG_WARN_INFINITE_RECURSION = YES;
				CLANG_WARN_INT_CONVERSION = YES;
				CLANG_WARN_NON_LITERAL_NULL_CONVERSION = YES;
				CLANG_WARN_OBJC_LITERAL_CONVERSION = YES;
				CLANG_WARN_OBJC_ROOT_CLASS = YES_ERROR;
				CLANG_WARN_RANGE_LOOP_ANALYSIS = YES;
				CLANG_WARN_STRICT_PROTOTYPES = YES;
				CLANG_WARN_SUSPICIOUS_MOVE = YES;
				CLANG_WARN_UNGUARDED_AVAILABILITY = YES_AGGRESSIVE;
				CLANG_WARN_UNREACHABLE_CODE = YES;
				CLANG_WARN__DUPLICATE_METHOD_MATCH = YES;
				CODE_SIGN_IDENTITY = "iPhone Developer";
				COPY_PHASE_STRIP = NO;
				DEBUG_INFORMATION_FORMAT = "dwarf-with-dsym";
				ENABLE_NS_ASSERTIONS = NO;
				ENABLE_STRICT_OBJC_MSGSEND = YES;
				GCC_C_LANGUAGE_STANDARD = gnu11;
				GCC_NO_COMMON_BLOCKS = YES;
				GCC_WARN_64_TO_32_BIT_CONVERSION = YES;
				GCC_WARN_ABOUT_RETURN_TYPE = YES_ERROR;
				GCC_WARN_UNDECLARED_SELECTOR = YES;
				GCC_WARN_UNINITIALIZED_AUTOS = YES_AGGRESSIVE;
				GCC_WARN_UNUSED_FUNCTION = YES;
				GCC_WARN_UNUSED_VARIABLE = YES;
				IPHONEOS_DEPLOYMENT_TARGET = 11.2;
				MTL_ENABLE_DEBUG_INFO = NO;
				SDKROOT = iphoneos;
				SWIFT_OPTIMIZATION_LEVEL = "-Owholemodule";
				VALIDATE_PRODUCT = YES;
			};
			name = Release;
		};
		55A145FA206CC59A00B141E4 /* Debug */ = {
			isa = XCBuildConfiguration;
			buildSettings = {
				ASSETCATALOG_COMPILER_APPICON_NAME = AppIcon;
				CODE_SIGN_STYLE = Automatic;
				DEVELOPMENT_TEAM = 558QCDSYAH;
				INFOPLIST_FILE = AKScheduler/Info.plist;
				LD_RUNPATH_SEARCH_PATHS = "$(inherited) @executable_path/Frameworks";
				PRODUCT_BUNDLE_IDENTIFIER = IDF.AKScheduler;
				PRODUCT_NAME = "$(TARGET_NAME)";
				SWIFT_VERSION = 4.0;
				TARGETED_DEVICE_FAMILY = "1,2";
			};
			name = Debug;
		};
		55A145FB206CC59A00B141E4 /* Release */ = {
			isa = XCBuildConfiguration;
			buildSettings = {
				ASSETCATALOG_COMPILER_APPICON_NAME = AppIcon;
				CODE_SIGN_STYLE = Automatic;
				DEVELOPMENT_TEAM = 558QCDSYAH;
				INFOPLIST_FILE = AKScheduler/Info.plist;
				LD_RUNPATH_SEARCH_PATHS = "$(inherited) @executable_path/Frameworks";
				PRODUCT_BUNDLE_IDENTIFIER = IDF.AKScheduler;
				PRODUCT_NAME = "$(TARGET_NAME)";
				SWIFT_VERSION = 4.0;
				TARGETED_DEVICE_FAMILY = "1,2";
			};
			name = Release;
		};
		55A145FD206CC59A00B141E4 /* Debug */ = {
			isa = XCBuildConfiguration;
			buildSettings = {
				ALWAYS_EMBED_SWIFT_STANDARD_LIBRARIES = YES;
				BUNDLE_LOADER = "$(TEST_HOST)";
				CODE_SIGN_STYLE = Automatic;
				DEVELOPMENT_TEAM = 558QCDSYAH;
				INFOPLIST_FILE = AKSchedulerTests/Info.plist;
				LD_RUNPATH_SEARCH_PATHS = "$(inherited) @executable_path/Frameworks @loader_path/Frameworks";
				PRODUCT_BUNDLE_IDENTIFIER = IDF.AKSchedulerTests;
				PRODUCT_NAME = "$(TARGET_NAME)";
				SWIFT_VERSION = 4.0;
				TARGETED_DEVICE_FAMILY = "1,2";
				TEST_HOST = "$(BUILT_PRODUCTS_DIR)/AKScheduler.app/AKScheduler";
			};
			name = Debug;
		};
		55A145FE206CC59A00B141E4 /* Release */ = {
			isa = XCBuildConfiguration;
			buildSettings = {
				ALWAYS_EMBED_SWIFT_STANDARD_LIBRARIES = YES;
				BUNDLE_LOADER = "$(TEST_HOST)";
				CODE_SIGN_STYLE = Automatic;
				DEVELOPMENT_TEAM = 558QCDSYAH;
				INFOPLIST_FILE = AKSchedulerTests/Info.plist;
				LD_RUNPATH_SEARCH_PATHS = "$(inherited) @executable_path/Frameworks @loader_path/Frameworks";
				PRODUCT_BUNDLE_IDENTIFIER = IDF.AKSchedulerTests;
				PRODUCT_NAME = "$(TARGET_NAME)";
				SWIFT_VERSION = 4.0;
				TARGETED_DEVICE_FAMILY = "1,2";
				TEST_HOST = "$(BUILT_PRODUCTS_DIR)/AKScheduler.app/AKScheduler";
			};
			name = Release;
		};
		55A14600206CC59A00B141E4 /* Debug */ = {
			isa = XCBuildConfiguration;
			buildSettings = {
				ALWAYS_EMBED_SWIFT_STANDARD_LIBRARIES = YES;
				CODE_SIGN_STYLE = Automatic;
				DEVELOPMENT_TEAM = 558QCDSYAH;
				INFOPLIST_FILE = AKSchedulerUITests/Info.plist;
				LD_RUNPATH_SEARCH_PATHS = "$(inherited) @executable_path/Frameworks @loader_path/Frameworks";
				PRODUCT_BUNDLE_IDENTIFIER = IDF.AKSchedulerUITests;
				PRODUCT_NAME = "$(TARGET_NAME)";
				SWIFT_VERSION = 4.0;
				TARGETED_DEVICE_FAMILY = "1,2";
				TEST_TARGET_NAME = AKScheduler;
			};
			name = Debug;
		};
		55A14601206CC59A00B141E4 /* Release */ = {
			isa = XCBuildConfiguration;
			buildSettings = {
				ALWAYS_EMBED_SWIFT_STANDARD_LIBRARIES = YES;
				CODE_SIGN_STYLE = Automatic;
				DEVELOPMENT_TEAM = 558QCDSYAH;
				INFOPLIST_FILE = AKSchedulerUITests/Info.plist;
				LD_RUNPATH_SEARCH_PATHS = "$(inherited) @executable_path/Frameworks @loader_path/Frameworks";
				PRODUCT_BUNDLE_IDENTIFIER = IDF.AKSchedulerUITests;
				PRODUCT_NAME = "$(TARGET_NAME)";
				SWIFT_VERSION = 4.0;
				TARGETED_DEVICE_FAMILY = "1,2";
				TEST_TARGET_NAME = AKScheduler;
			};
			name = Release;
		};
/* End XCBuildConfiguration section */

/* Begin XCConfigurationList section */
		55A145CC206CC59900B141E4 /* Build configuration list for PBXProject "AKScheduler" */ = {
			isa = XCConfigurationList;
			buildConfigurations = (
				55A145F7206CC59A00B141E4 /* Debug */,
				55A145F8206CC59A00B141E4 /* Release */,
			);
			defaultConfigurationIsVisible = 0;
			defaultConfigurationName = Release;
		};
		55A145F9206CC59A00B141E4 /* Build configuration list for PBXNativeTarget "AKScheduler" */ = {
			isa = XCConfigurationList;
			buildConfigurations = (
				55A145FA206CC59A00B141E4 /* Debug */,
				55A145FB206CC59A00B141E4 /* Release */,
			);
			defaultConfigurationIsVisible = 0;
			defaultConfigurationName = Release;
		};
		55A145FC206CC59A00B141E4 /* Build configuration list for PBXNativeTarget "AKSchedulerTests" */ = {
			isa = XCConfigurationList;
			buildConfigurations = (
				55A145FD206CC59A00B141E4 /* Debug */,
				55A145FE206CC59A00B141E4 /* Release */,
			);
			defaultConfigurationIsVisible = 0;
			defaultConfigurationName = Release;
		};
		55A145FF206CC59A00B141E4 /* Build configuration list for PBXNativeTarget "AKSchedulerUITests" */ = {
			isa = XCConfigurationList;
			buildConfigurations = (
				55A14600206CC59A00B141E4 /* Debug */,
				55A14601206CC59A00B141E4 /* Release */,
			);
			defaultConfigurationIsVisible = 0;
			defaultConfigurationName = Release;
		};
/* End XCConfigurationList section */
	};
	rootObject = 55A145C9206CC59900B141E4 /* Project object */;
}
